// !$*UTF8*$!
{
	archiveVersion = 1;
	classes = {
	};
	objectVersion = 50;
	objects = {

/* Begin PBXBuildFile section */
		6317FF91260D0BD5008B1B70 /* DiscordLogo.swift in Sources */ = {isa = PBXBuildFile; fileRef = 6317FF90260D0BD5008B1B70 /* DiscordLogo.swift */; };
		634D76AC25DF41B800E2326C /* NomaePreferences.h in Headers */ = {isa = PBXBuildFile; fileRef = 634D76AA25DF41B800E2326C /* NomaePreferences.h */; settings = {ATTRIBUTES = (Public, ); }; };
		63981BAC25DF425F002A7BA7 /* Preference.swift in Sources */ = {isa = PBXBuildFile; fileRef = 63981BAB25DF425F002A7BA7 /* Preference.swift */; };
		63981BAF25DF427A002A7BA7 /* NomaePreferencesController.swift in Sources */ = {isa = PBXBuildFile; fileRef = 63981BAE25DF427A002A7BA7 /* NomaePreferencesController.swift */; };
		63981BB225DF428B002A7BA7 /* PreferenceLoaderController.swift in Sources */ = {isa = PBXBuildFile; fileRef = 63981BB125DF428B002A7BA7 /* PreferenceLoaderController.swift */; };
		63981BB525DF429B002A7BA7 /* Header.swift in Sources */ = {isa = PBXBuildFile; fileRef = 63981BB425DF429B002A7BA7 /* Header.swift */; };
		63981BB825DF42B0002A7BA7 /* ColorField.swift in Sources */ = {isa = PBXBuildFile; fileRef = 63981BB725DF42B0002A7BA7 /* ColorField.swift */; };
		63981BBB25DF42BB002A7BA7 /* Color+HexString.swift in Sources */ = {isa = PBXBuildFile; fileRef = 63981BBA25DF42BB002A7BA7 /* Color+HexString.swift */; };
		63AF44B925FBCEF900AD297B /* TwitterLogo.swift in Sources */ = {isa = PBXBuildFile; fileRef = 63AF44B825FBCEF900AD297B /* TwitterLogo.swift */; };
		63AF44BF25FBCF5400AD297B /* RedditLogo.swift in Sources */ = {isa = PBXBuildFile; fileRef = 63AF44BE25FBCF5400AD297B /* RedditLogo.swift */; };
		63CE156725FB45F600A33AD3 /* GitHubLogo.swift in Sources */ = {isa = PBXBuildFile; fileRef = 63CE156625FB45F600A33AD3 /* GitHubLogo.swift */; };
		63EA5CEA2601481800A8AEE0 /* Color+RawRepresentable.swift in Sources */ = {isa = PBXBuildFile; fileRef = 63EA5CE92601481800A8AEE0 /* Color+RawRepresentable.swift */; };
/* End PBXBuildFile section */

/* Begin PBXFileReference section */
		6317FF90260D0BD5008B1B70 /* DiscordLogo.swift */ = {isa = PBXFileReference; lastKnownFileType = sourcecode.swift; path = DiscordLogo.swift; sourceTree = "<group>"; };
		634D76A725DF41B800E2326C /* NomaePreferences.framework */ = {isa = PBXFileReference; explicitFileType = wrapper.framework; includeInIndex = 0; path = NomaePreferences.framework; sourceTree = BUILT_PRODUCTS_DIR; };
		634D76AA25DF41B800E2326C /* NomaePreferences.h */ = {isa = PBXFileReference; lastKnownFileType = sourcecode.c.h; path = NomaePreferences.h; sourceTree = "<group>"; };
		634D76AB25DF41B800E2326C /* Info.plist */ = {isa = PBXFileReference; lastKnownFileType = text.plist.xml; path = Info.plist; sourceTree = "<group>"; };
		63981BAB25DF425F002A7BA7 /* Preference.swift */ = {isa = PBXFileReference; lastKnownFileType = sourcecode.swift; path = Preference.swift; sourceTree = "<group>"; };
		63981BAE25DF427A002A7BA7 /* NomaePreferencesController.swift */ = {isa = PBXFileReference; lastKnownFileType = sourcecode.swift; path = NomaePreferencesController.swift; sourceTree = "<group>"; };
		63981BB125DF428B002A7BA7 /* PreferenceLoaderController.swift */ = {isa = PBXFileReference; lastKnownFileType = sourcecode.swift; path = PreferenceLoaderController.swift; sourceTree = "<group>"; };
		63981BB425DF429B002A7BA7 /* Header.swift */ = {isa = PBXFileReference; lastKnownFileType = sourcecode.swift; path = Header.swift; sourceTree = "<group>"; };
		63981BB725DF42B0002A7BA7 /* ColorField.swift */ = {isa = PBXFileReference; lastKnownFileType = sourcecode.swift; path = ColorField.swift; sourceTree = "<group>"; };
		63981BBA25DF42BB002A7BA7 /* Color+HexString.swift */ = {isa = PBXFileReference; lastKnownFileType = sourcecode.swift; path = "Color+HexString.swift"; sourceTree = "<group>"; };
		63AF44B825FBCEF900AD297B /* TwitterLogo.swift */ = {isa = PBXFileReference; lastKnownFileType = sourcecode.swift; path = TwitterLogo.swift; sourceTree = "<group>"; };
		63AF44BE25FBCF5400AD297B /* RedditLogo.swift */ = {isa = PBXFileReference; lastKnownFileType = sourcecode.swift; path = RedditLogo.swift; sourceTree = "<group>"; };
		63CE156625FB45F600A33AD3 /* GitHubLogo.swift */ = {isa = PBXFileReference; lastKnownFileType = sourcecode.swift; path = GitHubLogo.swift; sourceTree = "<group>"; };
		63EA5CE92601481800A8AEE0 /* Color+RawRepresentable.swift */ = {isa = PBXFileReference; lastKnownFileType = sourcecode.swift; path = "Color+RawRepresentable.swift"; sourceTree = "<group>"; };
/* End PBXFileReference section */

/* Begin PBXFrameworksBuildPhase section */
		634D76A425DF41B800E2326C /* Frameworks */ = {
			isa = PBXFrameworksBuildPhase;
			buildActionMask = 2147483647;
			files = (
			);
			runOnlyForDeploymentPostprocessing = 0;
		};
/* End PBXFrameworksBuildPhase section */

/* Begin PBXGroup section */
		634D769D25DF41B800E2326C = {
			isa = PBXGroup;
			children = (
				634D76A925DF41B800E2326C /* NomaePreferences */,
				634D76A825DF41B800E2326C /* Products */,
			);
			sourceTree = "<group>";
		};
		634D76A825DF41B800E2326C /* Products */ = {
			isa = PBXGroup;
			children = (
				634D76A725DF41B800E2326C /* NomaePreferences.framework */,
			);
			name = Products;
			sourceTree = "<group>";
		};
		634D76A925DF41B800E2326C /* NomaePreferences */ = {
			isa = PBXGroup;
			children = (
				63981BAA25DF4252002A7BA7 /* Extensions */,
				634D76B425DF420F00E2326C /* Views */,
				634D76B325DF41FF00E2326C /* Preference */,
				634D76B225DF41FA00E2326C /* UIKit */,
				634D76AA25DF41B800E2326C /* NomaePreferences.h */,
				634D76AB25DF41B800E2326C /* Info.plist */,
			);
			path = NomaePreferences;
			sourceTree = "<group>";
		};
		634D76B225DF41FA00E2326C /* UIKit */ = {
			isa = PBXGroup;
			children = (
				63981BAE25DF427A002A7BA7 /* NomaePreferencesController.swift */,
				63981BB125DF428B002A7BA7 /* PreferenceLoaderController.swift */,
			);
			path = UIKit;
			sourceTree = "<group>";
		};
		634D76B325DF41FF00E2326C /* Preference */ = {
			isa = PBXGroup;
			children = (
				63981BAB25DF425F002A7BA7 /* Preference.swift */,
			);
			path = Preference;
			sourceTree = "<group>";
		};
		634D76B425DF420F00E2326C /* Views */ = {
			isa = PBXGroup;
			children = (
				63AF44B725FBCEE900AD297B /* Logos */,
				63981BB425DF429B002A7BA7 /* Header.swift */,
				63981BB725DF42B0002A7BA7 /* ColorField.swift */,
			);
			path = Views;
			sourceTree = "<group>";
		};
		63981BAA25DF4252002A7BA7 /* Extensions */ = {
			isa = PBXGroup;
			children = (
				63981BBA25DF42BB002A7BA7 /* Color+HexString.swift */,
				63EA5CE92601481800A8AEE0 /* Color+RawRepresentable.swift */,
			);
			path = Extensions;
			sourceTree = "<group>";
		};
		63AF44B725FBCEE900AD297B /* Logos */ = {
			isa = PBXGroup;
			children = (
				63CE156625FB45F600A33AD3 /* GitHubLogo.swift */,
				63AF44B825FBCEF900AD297B /* TwitterLogo.swift */,
				63AF44BE25FBCF5400AD297B /* RedditLogo.swift */,
				6317FF90260D0BD5008B1B70 /* DiscordLogo.swift */,
			);
			path = Logos;
			sourceTree = "<group>";
		};
/* End PBXGroup section */

/* Begin PBXHeadersBuildPhase section */
		634D76A225DF41B800E2326C /* Headers */ = {
			isa = PBXHeadersBuildPhase;
			buildActionMask = 2147483647;
			files = (
				634D76AC25DF41B800E2326C /* NomaePreferences.h in Headers */,
			);
			runOnlyForDeploymentPostprocessing = 0;
		};
/* End PBXHeadersBuildPhase section */

/* Begin PBXNativeTarget section */
		634D76A625DF41B800E2326C /* NomaePreferences */ = {
			isa = PBXNativeTarget;
			buildConfigurationList = 634D76AF25DF41B800E2326C /* Build configuration list for PBXNativeTarget "NomaePreferences" */;
			buildPhases = (
				634D76A225DF41B800E2326C /* Headers */,
				634D76A325DF41B800E2326C /* Sources */,
				634D76A425DF41B800E2326C /* Frameworks */,
				634D76A525DF41B800E2326C /* Resources */,
			);
			buildRules = (
			);
			dependencies = (
			);
			name = NomaePreferences;
			productName = NomaePreferences;
			productReference = 634D76A725DF41B800E2326C /* NomaePreferences.framework */;
			productType = "com.apple.product-type.framework";
		};
/* End PBXNativeTarget section */

/* Begin PBXProject section */
		634D769E25DF41B800E2326C /* Project object */ = {
			isa = PBXProject;
			attributes = {
				LastSwiftUpdateCheck = 1250;
				LastUpgradeCheck = 1250;
				ORGANIZATIONNAME = "Eamon Tracey";
				TargetAttributes = {
					634D76A625DF41B800E2326C = {
						CreatedOnToolsVersion = 11.7;
						LastSwiftMigration = 1240;
					};
				};
			};
			buildConfigurationList = 634D76A125DF41B800E2326C /* Build configuration list for PBXProject "NomaePreferences" */;
			compatibilityVersion = "Xcode 9.3";
			developmentRegion = en;
			hasScannedForEncodings = 0;
			knownRegions = (
				en,
				Base,
			);
			mainGroup = 634D769D25DF41B800E2326C;
			productRefGroup = 634D76A825DF41B800E2326C /* Products */;
			projectDirPath = "";
			projectRoot = "";
			targets = (
				634D76A625DF41B800E2326C /* NomaePreferences */,
			);
		};
/* End PBXProject section */

/* Begin PBXResourcesBuildPhase section */
		634D76A525DF41B800E2326C /* Resources */ = {
			isa = PBXResourcesBuildPhase;
			buildActionMask = 2147483647;
			files = (
			);
			runOnlyForDeploymentPostprocessing = 0;
		};
/* End PBXResourcesBuildPhase section */

/* Begin PBXSourcesBuildPhase section */
		634D76A325DF41B800E2326C /* Sources */ = {
			isa = PBXSourcesBuildPhase;
			buildActionMask = 2147483647;
			files = (
				63AF44B925FBCEF900AD297B /* TwitterLogo.swift in Sources */,
				63981BBB25DF42BB002A7BA7 /* Color+HexString.swift in Sources */,
				63981BB825DF42B0002A7BA7 /* ColorField.swift in Sources */,
				63981BB525DF429B002A7BA7 /* Header.swift in Sources */,
				63CE156725FB45F600A33AD3 /* GitHubLogo.swift in Sources */,
				6317FF91260D0BD5008B1B70 /* DiscordLogo.swift in Sources */,
				63EA5CEA2601481800A8AEE0 /* Color+RawRepresentable.swift in Sources */,
				63AF44BF25FBCF5400AD297B /* RedditLogo.swift in Sources */,
				63981BAF25DF427A002A7BA7 /* NomaePreferencesController.swift in Sources */,
				63981BB225DF428B002A7BA7 /* PreferenceLoaderController.swift in Sources */,
				63981BAC25DF425F002A7BA7 /* Preference.swift in Sources */,
			);
			runOnlyForDeploymentPostprocessing = 0;
		};
/* End PBXSourcesBuildPhase section */

/* Begin XCBuildConfiguration section */
		634D76AD25DF41B800E2326C /* Debug */ = {
			isa = XCBuildConfiguration;
			buildSettings = {
				ALWAYS_SEARCH_USER_PATHS = NO;
				ARCHS = "$(ARCHS_STANDARD)";
				BUILD_LIBRARY_FOR_DISTRIBUTION = YES;
				CLANG_ANALYZER_NONNULL = YES;
				CLANG_ANALYZER_NUMBER_OBJECT_CONVERSION = YES_AGGRESSIVE;
				CLANG_CXX_LANGUAGE_STANDARD = "gnu++14";
				CLANG_CXX_LIBRARY = "libc++";
				CLANG_ENABLE_MODULES = YES;
				CLANG_ENABLE_OBJC_ARC = YES;
				CLANG_ENABLE_OBJC_WEAK = YES;
				CLANG_WARN_BLOCK_CAPTURE_AUTORELEASING = YES;
				CLANG_WARN_BOOL_CONVERSION = YES;
				CLANG_WARN_COMMA = YES;
				CLANG_WARN_CONSTANT_CONVERSION = YES;
				CLANG_WARN_DEPRECATED_OBJC_IMPLEMENTATIONS = YES;
				CLANG_WARN_DIRECT_OBJC_ISA_USAGE = YES_ERROR;
				CLANG_WARN_DOCUMENTATION_COMMENTS = YES;
				CLANG_WARN_EMPTY_BODY = YES;
				CLANG_WARN_ENUM_CONVERSION = YES;
				CLANG_WARN_INFINITE_RECURSION = YES;
				CLANG_WARN_INT_CONVERSION = YES;
				CLANG_WARN_NON_LITERAL_NULL_CONVERSION = YES;
				CLANG_WARN_OBJC_IMPLICIT_RETAIN_SELF = YES;
				CLANG_WARN_OBJC_LITERAL_CONVERSION = YES;
				CLANG_WARN_OBJC_ROOT_CLASS = YES_ERROR;
				CLANG_WARN_QUOTED_INCLUDE_IN_FRAMEWORK_HEADER = YES;
				CLANG_WARN_RANGE_LOOP_ANALYSIS = YES;
				CLANG_WARN_STRICT_PROTOTYPES = YES;
				CLANG_WARN_SUSPICIOUS_MOVE = YES;
				CLANG_WARN_UNGUARDED_AVAILABILITY = YES_AGGRESSIVE;
				CLANG_WARN_UNREACHABLE_CODE = YES;
				CLANG_WARN__DUPLICATE_METHOD_MATCH = YES;
				COPY_PHASE_STRIP = NO;
				CURRENT_PROJECT_VERSION = 1;
				DEBUG_INFORMATION_FORMAT = dwarf;
				ENABLE_STRICT_OBJC_MSGSEND = YES;
				ENABLE_TESTABILITY = YES;
				GCC_C_LANGUAGE_STANDARD = gnu11;
				GCC_DYNAMIC_NO_PIC = NO;
				GCC_NO_COMMON_BLOCKS = YES;
				GCC_OPTIMIZATION_LEVEL = 0;
				GCC_PREPROCESSOR_DEFINITIONS = (
					"DEBUG=1",
					"$(inherited)",
				);
				GCC_WARN_64_TO_32_BIT_CONVERSION = YES;
				GCC_WARN_ABOUT_RETURN_TYPE = YES_ERROR;
				GCC_WARN_UNDECLARED_SELECTOR = YES;
				GCC_WARN_UNINITIALIZED_AUTOS = YES_AGGRESSIVE;
				GCC_WARN_UNUSED_FUNCTION = YES;
				GCC_WARN_UNUSED_VARIABLE = YES;
				IPHONEOS_DEPLOYMENT_TARGET = 13.0;
				MTL_ENABLE_DEBUG_INFO = INCLUDE_SOURCE;
				MTL_FAST_MATH = YES;
				ONLY_ACTIVE_ARCH = YES;
				SDKROOT = iphoneos;
				SWIFT_ACTIVE_COMPILATION_CONDITIONS = DEBUG;
				SWIFT_OPTIMIZATION_LEVEL = "-Onone";
				VERSIONING_SYSTEM = "apple-generic";
				VERSION_INFO_PREFIX = "";
			};
			name = Debug;
		};
		634D76AE25DF41B800E2326C /* Release */ = {
			isa = XCBuildConfiguration;
			buildSettings = {
				ALWAYS_SEARCH_USER_PATHS = NO;
				ARCHS = "$(ARCHS_STANDARD)";
				BUILD_LIBRARY_FOR_DISTRIBUTION = YES;
				CLANG_ANALYZER_NONNULL = YES;
				CLANG_ANALYZER_NUMBER_OBJECT_CONVERSION = YES_AGGRESSIVE;
				CLANG_CXX_LANGUAGE_STANDARD = "gnu++14";
				CLANG_CXX_LIBRARY = "libc++";
				CLANG_ENABLE_MODULES = YES;
				CLANG_ENABLE_OBJC_ARC = YES;
				CLANG_ENABLE_OBJC_WEAK = YES;
				CLANG_WARN_BLOCK_CAPTURE_AUTORELEASING = YES;
				CLANG_WARN_BOOL_CONVERSION = YES;
				CLANG_WARN_COMMA = YES;
				CLANG_WARN_CONSTANT_CONVERSION = YES;
				CLANG_WARN_DEPRECATED_OBJC_IMPLEMENTATIONS = YES;
				CLANG_WARN_DIRECT_OBJC_ISA_USAGE = YES_ERROR;
				CLANG_WARN_DOCUMENTATION_COMMENTS = YES;
				CLANG_WARN_EMPTY_BODY = YES;
				CLANG_WARN_ENUM_CONVERSION = YES;
				CLANG_WARN_INFINITE_RECURSION = YES;
				CLANG_WARN_INT_CONVERSION = YES;
				CLANG_WARN_NON_LITERAL_NULL_CONVERSION = YES;
				CLANG_WARN_OBJC_IMPLICIT_RETAIN_SELF = YES;
				CLANG_WARN_OBJC_LITERAL_CONVERSION = YES;
				CLANG_WARN_OBJC_ROOT_CLASS = YES_ERROR;
				CLANG_WARN_QUOTED_INCLUDE_IN_FRAMEWORK_HEADER = YES;
				CLANG_WARN_RANGE_LOOP_ANALYSIS = YES;
				CLANG_WARN_STRICT_PROTOTYPES = YES;
				CLANG_WARN_SUSPICIOUS_MOVE = YES;
				CLANG_WARN_UNGUARDED_AVAILABILITY = YES_AGGRESSIVE;
				CLANG_WARN_UNREACHABLE_CODE = YES;
				CLANG_WARN__DUPLICATE_METHOD_MATCH = YES;
				COPY_PHASE_STRIP = NO;
				CURRENT_PROJECT_VERSION = 1;
				DEBUG_INFORMATION_FORMAT = "dwarf-with-dsym";
				ENABLE_NS_ASSERTIONS = NO;
				ENABLE_STRICT_OBJC_MSGSEND = YES;
				GCC_C_LANGUAGE_STANDARD = gnu11;
				GCC_NO_COMMON_BLOCKS = YES;
				GCC_WARN_64_TO_32_BIT_CONVERSION = YES;
				GCC_WARN_ABOUT_RETURN_TYPE = YES_ERROR;
				GCC_WARN_UNDECLARED_SELECTOR = YES;
				GCC_WARN_UNINITIALIZED_AUTOS = YES_AGGRESSIVE;
				GCC_WARN_UNUSED_FUNCTION = YES;
				GCC_WARN_UNUSED_VARIABLE = YES;
				IPHONEOS_DEPLOYMENT_TARGET = 13.0;
				MTL_ENABLE_DEBUG_INFO = NO;
				MTL_FAST_MATH = YES;
				SDKROOT = iphoneos;
				SWIFT_COMPILATION_MODE = wholemodule;
				SWIFT_OPTIMIZATION_LEVEL = "-O";
				VALIDATE_PRODUCT = YES;
				VERSIONING_SYSTEM = "apple-generic";
				VERSION_INFO_PREFIX = "";
			};
			name = Release;
		};
		634D76B025DF41B800E2326C /* Debug */ = {
			isa = XCBuildConfiguration;
			buildSettings = {
				BUILD_LIBRARY_FOR_DISTRIBUTION = YES;
				CLANG_ENABLE_MODULES = YES;
				CODE_SIGN_STYLE = Automatic;
				DEFINES_MODULE = YES;
				DEVELOPMENT_TEAM = UY72C74W7W;
				DYLIB_COMPATIBILITY_VERSION = 1;
				DYLIB_CURRENT_VERSION = 1;
				DYLIB_INSTALL_NAME_BASE = /Library/Frameworks;
				INFOPLIST_FILE = NomaePreferences/Info.plist;
				INSTALL_PATH = "$(LOCAL_LIBRARY_DIR)/Frameworks";
				IPHONEOS_DEPLOYMENT_TARGET = 13.0;
				LD_RUNPATH_SEARCH_PATHS = (
					"$(inherited)",
					"@executable_path/Frameworks",
					"@loader_path/Frameworks",
				);
				MARKETING_VERSION = 0.1;
				PRODUCT_BUNDLE_IDENTIFIER = com.EamonTracey.NomaePreferences;
				PRODUCT_NAME = "$(TARGET_NAME:c99extidentifier)";
				SKIP_INSTALL = YES;
				SUPPORTS_MACCATALYST = NO;
				SWIFT_OPTIMIZATION_LEVEL = "-Onone";
				SWIFT_VERSION = 5.0;
				TARGETED_DEVICE_FAMILY = "1,2";
			};
			name = Debug;
		};
		634D76B125DF41B800E2326C /* Release */ = {
			isa = XCBuildConfiguration;
			buildSettings = {
				BUILD_LIBRARY_FOR_DISTRIBUTION = YES;
				CLANG_ENABLE_MODULES = YES;
				CODE_SIGN_STYLE = Automatic;
				DEFINES_MODULE = YES;
				DEVELOPMENT_TEAM = UY72C74W7W;
				DYLIB_COMPATIBILITY_VERSION = 1;
				DYLIB_CURRENT_VERSION = 1;
				DYLIB_INSTALL_NAME_BASE = /Library/Frameworks;
				INFOPLIST_FILE = NomaePreferences/Info.plist;
				INSTALL_PATH = "$(LOCAL_LIBRARY_DIR)/Frameworks";
				IPHONEOS_DEPLOYMENT_TARGET = 13.0;
				LD_RUNPATH_SEARCH_PATHS = (
					"$(inherited)",
					"@executable_path/Frameworks",
					"@loader_path/Frameworks",
				);
				MARKETING_VERSION = 0.1;
				PRODUCT_BUNDLE_IDENTIFIER = com.EamonTracey.NomaePreferences;
				PRODUCT_NAME = "$(TARGET_NAME:c99extidentifier)";
				SKIP_INSTALL = YES;
				SUPPORTS_MACCATALYST = NO;
				SWIFT_VERSION = 5.0;
				TARGETED_DEVICE_FAMILY = "1,2";
			};
			name = Release;
		};
/* End XCBuildConfiguration section */

/* Begin XCConfigurationList section */
		634D76A125DF41B800E2326C /* Build configuration list for PBXProject "NomaePreferences" */ = {
			isa = XCConfigurationList;
			buildConfigurations = (
				634D76AD25DF41B800E2326C /* Debug */,
				634D76AE25DF41B800E2326C /* Release */,
			);
			defaultConfigurationIsVisible = 0;
			defaultConfigurationName = Release;
		};
		634D76AF25DF41B800E2326C /* Build configuration list for PBXNativeTarget "NomaePreferences" */ = {
			isa = XCConfigurationList;
			buildConfigurations = (
				634D76B025DF41B800E2326C /* Debug */,
				634D76B125DF41B800E2326C /* Release */,
			);
			defaultConfigurationIsVisible = 0;
			defaultConfigurationName = Release;
		};
/* End XCConfigurationList section */
	};
	rootObject = 634D769E25DF41B800E2326C /* Project object */;
}
